
Microsoft Visual Studio Solution File, Format Version 12.00
# Visual Studio 15
VisualStudioVersion = 15.0.27703.2047
MinimumVisualStudioVersion = 10.0.40219.1
Project("{FAE04EC0-301F-11D3-BF4B-00C04F79EFBC}") = "HW1", "HW1\HW1.csproj", "{5D5B1E73-88BE-4056-8049-363140288AF3}"
EndProject
Global
	GlobalSection(SolutionConfigurationPlatforms) = preSolution
		Debug|Any CPU = Debug|Any CPU
		Release|Any CPU = Release|Any CPU
	EndGlobalSection
	GlobalSection(ProjectConfigurationPlatforms) = postSolution
		{5D5B1E73-88BE-4056-8049-363140288AF3}.Debug|Any CPU.ActiveCfg = Debug|Any CPU
		{5D5B1E73-88BE-4056-8049-363140288AF3}.Debug|Any CPU.Build.0 = Debug|Any CPU
		{5D5B1E73-88BE-4056-8049-363140288AF3}.Release|Any CPU.ActiveCfg = Release|Any CPU
		{5D5B1E73-88BE-4056-8049-363140288AF3}.Release|Any CPU.Build.0 = Release|Any CPU
	EndGlobalSection
	GlobalSection(SolutionProperties) = preSolution
		HideSolutionNode = FALSE
	EndGlobalSection
	GlobalSection(ExtensibilityGlobals) = postSolution
		SolutionGuid = {58D0A29F-7D6E-445D-8227-D7DBA9980D80}
	EndGlobalSection
EndGlobal
